{
    "_meta": {
        "hash": {
            "sha256": "d728ed6988025ad22b2a1f7044e592a6fe0954d68e20883dae607979ff45e5e7"
        },
        "pipfile-spec": 6,
        "requires": {
            "python_version": "3.7"
        },
        "sources": [
            {
                "name": "pypi",
                "url": "https://pypi.org/simple",
                "verify_ssl": true
            }
        ]
    },
    "default": {
        "certifi": {
            "hashes": [
                "sha256:1d987a998c75633c40847cc966fcf5904906c920a7f17ef374f5aa4282abd304",
                "sha256:51fcb31174be6e6664c5f69e3e1691a2d72a1a12e90f872cbdb1567eb47b6519"
            ],
            "version": "==2020.4.5.1"
        },
        "chardet": {
            "hashes": [
                "sha256:84ab92ed1c4d4f16916e05906b6b75a6c0fb5db821cc65e70cbd64a3e2a5eaae",
                "sha256:fc323ffcaeaed0e0a02bf4d117757b98aed530d9ed4531e3e15460124c106691"
            ],
            "version": "==3.0.4"
        },
        "cloudpickle": {
            "hashes": [
                "sha256:0b6258a20a143603d53b037a20983016d4e978f554ec4f36b3d0895b947099ae",
                "sha256:ff31298eca781315e097bc1f222d8045208c14063a0102cc89bd5899adb4abef"
            ],
            "index": "pypi",
            "version": "==1.4.1"
        },
        "dill": {
            "hashes": [
                "sha256:42d8ef819367516592a825746a18073ced42ca169ab1f5f4044134703e7a049c"
            ],
            "version": "==0.3.1.1"
        },
        "idna": {
            "hashes": [
                "sha256:7588d1c14ae4c77d74036e8c22ff447b26d0fde8f007354fd48a7814db15b7cb",
                "sha256:a068a21ceac8a4d63dbfd964670474107f541babbd2250d61922f029858365fa"
            ],
            "version": "==2.9"
        },
        "multiprocess": {
            "hashes": [
                "sha256:0e4e65c2e74aa14fa0c9a1f838b5e9a5f8fe5b3a173925792260843c4a6157ec",
                "sha256:1eb7dfe2d809d53be92e8a288ed1c01614fe5407bbc9d078ed451a749fb1bd34",
                "sha256:9fd5bd990132da77e73dec6e9613408602a4612e1d73caf2e2b813d2b61508e5"
            ],
            "version": "==0.70.9"
        },
        "pathos": {
            "hashes": [
                "sha256:21ae2cb1d5a76dcf57d5fe93ae8719c7339f467e246163650c08ccf35b87c846"
            ],
            "index": "pypi",
            "version": "==0.2.5"
        },
        "pox": {
            "hashes": [
                "sha256:06afe1a4a1dbf8b47f7ad5a3c1d8ada9104c64933a1da11338269a2bd8642778"
            ],
            "version": "==0.2.7"
        },
        "ppft": {
            "hashes": [
                "sha256:9e2173042edd5cc9c7bee0d7731873f17fcdce0e42e4b7ab68857d0de7b631fc"
            ],
            "version": "==1.6.6.1"
        },
        "requests": {
            "hashes": [
                "sha256:43999036bfa82904b6af1d99e4882b560e5e2c68e5c4b0aa03b655f3d7d73fee",
                "sha256:b3f43d496c6daba4493e7c431722aeb7dbc6288f52a6e04e7b6023b0247817e6"
            ],
            "index": "pypi",
            "version": "==2.23.0"
        },
        "six": {
            "hashes": [
                "sha256:30639c035cdb23534cd4aa2dd52c3bf48f06e5f4a941509c8bafd8ce11080259",
                "sha256:8b74bedcbbbaca38ff6d7491d76f2b06b3592611af620f8426e82dddb04a5ced"
            ],
            "version": "==1.15.0"
        },
        "urllib3": {
            "hashes": [
                "sha256:3018294ebefce6572a474f0604c2021e33b3fd8006ecd11d62107a5d2a963527",
                "sha256:88206b0eb87e6d677d424843ac5209e3fb9d0190d0ee169599165ec25e9d9115"
            ],
            "version": "==1.25.9"
        }
    },
    "develop": {}
}
